
Microsoft Visual Studio Solution File, Format Version 12.00
# Visual Studio Version 16
VisualStudioVersion = 16.0.31605.320
MinimumVisualStudioVersion = 10.0.40219.1
Project("{FAE04EC0-301F-11D3-BF4B-00C04F79EFBC}") = "term1_project_shop", "term1_project_shop\term1_project_shop.csproj", "{3D4B6F9A-C802-4D5A-900B-276A4C16D1C7}"
EndProject
Project("{FAE04EC0-301F-11D3-BF4B-00C04F79EFBC}") = "data_acsess", "data_acsess\data_acsess.csproj", "{D768EA28-4787-4FFA-9935-26C0B1071E68}"
EndProject
Project("{FAE04EC0-301F-11D3-BF4B-00C04F79EFBC}") = "bussiness_entity", "bussiness_entity\bussiness_entity.csproj", "{AD55CDD5-48FA-4EDB-8813-E260655E6BE6}"
EndProject
Project("{FAE04EC0-301F-11D3-BF4B-00C04F79EFBC}") = "bussiness_logic", "bussiness_logic\bussiness_logic.csproj", "{96359708-9B0D-4990-ACF9-9C76005FC35A}"
EndProject
Global
	GlobalSection(SolutionConfigurationPlatforms) = preSolution
		Debug|Any CPU = Debug|Any CPU
		Release|Any CPU = Release|Any CPU
	EndGlobalSection
	GlobalSection(ProjectConfigurationPlatforms) = postSolution
		{3D4B6F9A-C802-4D5A-900B-276A4C16D1C7}.Debug|Any CPU.ActiveCfg = Debug|Any CPU
		{3D4B6F9A-C802-4D5A-900B-276A4C16D1C7}.Debug|Any CPU.Build.0 = Debug|Any CPU
		{3D4B6F9A-C802-4D5A-900B-276A4C16D1C7}.Release|Any CPU.ActiveCfg = Release|Any CPU
		{3D4B6F9A-C802-4D5A-900B-276A4C16D1C7}.Release|Any CPU.Build.0 = Release|Any CPU
		{D768EA28-4787-4FFA-9935-26C0B1071E68}.Debug|Any CPU.ActiveCfg = Debug|Any CPU
		{D768EA28-4787-4FFA-9935-26C0B1071E68}.Debug|Any CPU.Build.0 = Debug|Any CPU
		{D768EA28-4787-4FFA-9935-26C0B1071E68}.Release|Any CPU.ActiveCfg = Release|Any CPU
		{D768EA28-4787-4FFA-9935-26C0B1071E68}.Release|Any CPU.Build.0 = Release|Any CPU
		{AD55CDD5-48FA-4EDB-8813-E260655E6BE6}.Debug|Any CPU.ActiveCfg = Debug|Any CPU
		{AD55CDD5-48FA-4EDB-8813-E260655E6BE6}.Debug|Any CPU.Build.0 = Debug|Any CPU
		{AD55CDD5-48FA-4EDB-8813-E260655E6BE6}.Release|Any CPU.ActiveCfg = Release|Any CPU
		{AD55CDD5-48FA-4EDB-8813-E260655E6BE6}.Release|Any CPU.Build.0 = Release|Any CPU
		{96359708-9B0D-4990-ACF9-9C76005FC35A}.Debug|Any CPU.ActiveCfg = Debug|Any CPU
		{96359708-9B0D-4990-ACF9-9C76005FC35A}.Debug|Any CPU.Build.0 = Debug|Any CPU
		{96359708-9B0D-4990-ACF9-9C76005FC35A}.Release|Any CPU.ActiveCfg = Release|Any CPU
		{96359708-9B0D-4990-ACF9-9C76005FC35A}.Release|Any CPU.Build.0 = Release|Any CPU
	EndGlobalSection
	GlobalSection(SolutionProperties) = preSolution
		HideSolutionNode = FALSE
	EndGlobalSection
	GlobalSection(ExtensibilityGlobals) = postSolution
		SolutionGuid = {FFEED596-9509-41E7-9755-778DCE349CB5}
	EndGlobalSection
EndGlobal
